{
  "name": "@quantified-self/local-plugin-tools",
  "version": "0.1.0",
  "lockfileVersion": 3,
  "requires": true,
  "packages": {
    "": {
      "name": "@quantified-self/local-plugin-tools",
      "version": "0.1.0",
      "dependencies": {
        "@openai/codex": "0.151.0",
        "yaml": "2.9.0"
      }
    },
    "node_modules/@openai/codex": {
      "version": "0.151.0",
      "resolved": "https://registry.npmjs.org/@openai/codex/-/codex-0.151.0.tgz",
      "integrity": "sha512-mhtWmOZRdmWD1jPbLDnQb59BsaVP/V+lXe/OFNR9ZcLZU0UCiBwn98Fcav1ss7sDIlHkuqj6nWd44IPeXoOhJA==",
      "license": "Apache-2.0",
      "bin": {
        "codex": "bin/codex.js"
      },
      "engines": {
        "node": ">=16"
      },
      "optionalDependencies": {
        "@openai/codex-darwin-arm64": "npm:@openai/codex@0.151.0-darwin-arm64",
        "@openai/codex-darwin-x64": "npm:@openai/codex@0.151.0-darwin-x64",
        "@openai/codex-linux-arm64": "npm:@openai/codex@0.151.0-linux-arm64",
        "@openai/codex-linux-x64": "npm:@openai/codex@0.151.0-linux-x64",
        "@openai/codex-win32-arm64": "npm:@openai/codex@0.151.0-win32-arm64",
        "@openai/codex-win32-x64": "npm:@openai/codex@0.151.0-win32-x64"
      }
    },
    "node_modules/@openai/codex-darwin-arm64": {
      "name": "@openai/codex",
      "version": "0.151.0-darwin-arm64",
      "resolved": "https://registry.npmjs.org/@openai/codex/-/codex-0.151.0-darwin-arm64.tgz",
      "integrity": "sha512-g7YzpaCZGCw19R/gly3vRPjnLqaW7JcBAu2WQQ6e8PIlvBPmS/gMplIUURMgNO6gi8LsPzdlQtLqkwoeOOlIdg==",
      "cpu": [
        "arm64"
      ],
      "license": "Apache-2.0",
      "optional": true,
      "os": [
        "darwin"
      ],
      "engines": {
        "node": ">=16"
      }
    },
    "node_modules/@openai/codex-darwin-x64": {
      "name": "@openai/codex",
      "version": "0.151.0-darwin-x64",
      "resolved": "https://registry.npmjs.org/@openai/codex/-/codex-0.151.0-darwin-x64.tgz",
      "integrity": "sha512-0y+g8TVpP+Fn10mjoKYXER6qYjn29w7xBUsbPXJ6Accu/FoM4Qp4WbKXQPmE0G0yUACTQVZRjzTSsdWUezNgkg==",
      "cpu": [
        "x64"
      ],
      "license": "Apache-2.0",
      "optional": true,
      "os": [
        "darwin"
      ],
      "engines": {
        "node": ">=16"
      }
    },
    "node_modules/@openai/codex-linux-arm64": {
      "name": "@openai/codex",
      "version": "0.151.0-linux-arm64",
      "resolved": "https://registry.npmjs.org/@openai/codex/-/codex-0.151.0-linux-arm64.tgz",
      "integrity": "sha512-CsLgFeX4TQ6I2Gdrxd2r5UbgIbDLCdtcLAlnMYjr06bCL057MTNGec7Ewb3+Z2DBiMuXCljdTBGqLOePkMV0sQ==",
      "cpu": [
        "arm64"
      ],
      "license": "Apache-2.0",
      "optional": true,
      "os": [
        "linux"
      ],
      "engines": {
        "node": ">=16"
      }
    },
    "node_modules/@openai/codex-linux-x64": {
      "name": "@openai/codex",
      "version": "0.151.0-linux-x64",
      "resolved": "https://registry.npmjs.org/@openai/codex/-/codex-0.151.0-linux-x64.tgz",
      "integrity": "sha512-xcVyY1FtwvVYhh2JBmz8fX8CQqFAxO/lxJ2IXsh8x5uwxZVHVl5fZHFHf8JdRaOGG0vpkYmu/DKKVoLd56/DDQ==",
      "cpu": [
        "x64"
      ],
      "license": "Apache-2.0",
      "optional": true,
      "os": [
        "linux"
      ],
      "engines": {
        "node": ">=16"
      }
    },
    "node_modules/@openai/codex-win32-arm64": {
      "name": "@openai/codex",
      "version": "0.151.0-win32-arm64",
      "resolved": "https://registry.npmjs.org/@openai/codex/-/codex-0.151.0-win32-arm64.tgz",
      "integrity": "sha512-zDWzOoh9wHm+Om1Nhn7os47rAVeSGPh0SnM3YOttdq6iPJz2zn4vBnbGUZjeih1qW/3mvNF3Oyd4owlaHmphmg==",
      "cpu": [
        "arm64"
      ],
      "license": "Apache-2.0",
      "optional": true,
      "os": [
        "win32"
      ],
      "engines": {
        "node": ">=16"
      }
    },
    "node_modules/@openai/codex-win32-x64": {
      "name": "@openai/codex",
      "version": "0.151.0-win32-x64",
      "resolved": "https://registry.npmjs.org/@openai/codex/-/codex-0.151.0-win32-x64.tgz",
      "integrity": "sha512-sLT7xvID3jhU6tkzcwRPnMEclKRwUPbpo0mtfxIF9KpdZH3VJV7sM2/kXWXyvUM7Zt/YeyOaeATTEysbRz8Yog==",
      "cpu": [
        "x64"
      ],
      "license": "Apache-2.0",
      "optional": true,
      "os": [
        "win32"
      ],
      "engines": {
        "node": ">=16"
      }
    },
    "node_modules/yaml": {
      "version": "2.9.0",
      "resolved": "https://registry.npmjs.org/yaml/-/yaml-2.9.0.tgz",
      "integrity": "sha512-2AvhNX3mb8zd6Zy7INTtSpl1F15HW6Wnqj0srWlkKLcpYl/gMIMJiyuGq2KeI2YFxUPjdlB+3Lc10seMLtL4cA==",
      "bin": {
        "yaml": "bin.mjs"
      },
      "engines": {
        "node": ">= 14.6"
      },
      "funding": {
        "url": "https://github.com/sponsors/eemeli"
      }
    }
  }
}
