{
  "name": "@quantified-self/local-plugin-tools",
  "version": "0.1.0",
  "lockfileVersion": 3,
  "requires": true,
  "packages": {
    "": {
      "name": "@quantified-self/local-plugin-tools",
      "version": "0.1.0",
      "dependencies": {
        "@openai/codex": "0.145.0",
        "yaml": "2.9.0"
      }
    },
    "node_modules/@openai/codex": {
      "version": "0.145.0",
      "resolved": "https://registry.npmjs.org/@openai/codex/-/codex-0.145.0.tgz",
      "integrity": "sha512-/PSPSFujjjmiyVFvG2yu/grOFhsWdokTH8t2KGWhXSo/M5n/dIDsnbsnO82/7bLtIoDuzQf7ATBUMWqPWQINlQ==",
      "bin": {
        "codex": "bin/codex.js"
      },
      "engines": {
        "node": ">=16"
      },
      "optionalDependencies": {
        "@openai/codex-darwin-arm64": "npm:@openai/codex@0.145.0-darwin-arm64",
        "@openai/codex-darwin-x64": "npm:@openai/codex@0.145.0-darwin-x64",
        "@openai/codex-linux-arm64": "npm:@openai/codex@0.145.0-linux-arm64",
        "@openai/codex-linux-x64": "npm:@openai/codex@0.145.0-linux-x64",
        "@openai/codex-win32-arm64": "npm:@openai/codex@0.145.0-win32-arm64",
        "@openai/codex-win32-x64": "npm:@openai/codex@0.145.0-win32-x64"
      }
    },
    "node_modules/@openai/codex-darwin-arm64": {
      "name": "@openai/codex",
      "version": "0.145.0-darwin-arm64",
      "resolved": "https://registry.npmjs.org/@openai/codex/-/codex-0.145.0-darwin-arm64.tgz",
      "integrity": "sha512-h6aQ0UxnaP8mIM/9/qPAH9MNkRliJo88toq1T36IxNM2L5JSU0TFamu+MZn7YkFgDsrp0RfiI+97Tm8AVVxqtA==",
      "cpu": [
        "arm64"
      ],
      "optional": true,
      "os": [
        "darwin"
      ],
      "engines": {
        "node": ">=16"
      }
    },
    "node_modules/@openai/codex-darwin-x64": {
      "name": "@openai/codex",
      "version": "0.145.0-darwin-x64",
      "resolved": "https://registry.npmjs.org/@openai/codex/-/codex-0.145.0-darwin-x64.tgz",
      "integrity": "sha512-FCYzVKCa9VoLtg9gVyzKpqylonfgZrfcWZN6HsXAZPeuo8CukdMqdgTUOhDn2V6h3MbqS0z6VqQVKUllN/yKhA==",
      "cpu": [
        "x64"
      ],
      "optional": true,
      "os": [
        "darwin"
      ],
      "engines": {
        "node": ">=16"
      }
    },
    "node_modules/@openai/codex-linux-arm64": {
      "name": "@openai/codex",
      "version": "0.145.0-linux-arm64",
      "resolved": "https://registry.npmjs.org/@openai/codex/-/codex-0.145.0-linux-arm64.tgz",
      "integrity": "sha512-8OLcPXaAol/FOrRoDxWhIiHIFa73KRsM41EKocjRZOwiT4TcelzJWn3dHyiuSb7teWF25rrslvSPyvhULYRRCQ==",
      "cpu": [
        "arm64"
      ],
      "optional": true,
      "os": [
        "linux"
      ],
      "engines": {
        "node": ">=16"
      }
    },
    "node_modules/@openai/codex-linux-x64": {
      "name": "@openai/codex",
      "version": "0.145.0-linux-x64",
      "resolved": "https://registry.npmjs.org/@openai/codex/-/codex-0.145.0-linux-x64.tgz",
      "integrity": "sha512-u8w8LLv3DvsfrDCoswLIemZ0SoNEXyi511WsfFsSiYUazk9qMsB/NtU8N9vhAfN7mZAxLFoMex4v66JjHuZWwA==",
      "cpu": [
        "x64"
      ],
      "optional": true,
      "os": [
        "linux"
      ],
      "engines": {
        "node": ">=16"
      }
    },
    "node_modules/@openai/codex-win32-arm64": {
      "name": "@openai/codex",
      "version": "0.145.0-win32-arm64",
      "resolved": "https://registry.npmjs.org/@openai/codex/-/codex-0.145.0-win32-arm64.tgz",
      "integrity": "sha512-sub61rjEFevi1i3Zx7nAd4JM5XxoNFqMqFc5LfTo2xSI8ixHjFvEYDFDXwXOftT04n3Ht1Wh271ioUZpDiEjEg==",
      "cpu": [
        "arm64"
      ],
      "optional": true,
      "os": [
        "win32"
      ],
      "engines": {
        "node": ">=16"
      }
    },
    "node_modules/@openai/codex-win32-x64": {
      "name": "@openai/codex",
      "version": "0.145.0-win32-x64",
      "resolved": "https://registry.npmjs.org/@openai/codex/-/codex-0.145.0-win32-x64.tgz",
      "integrity": "sha512-u0h9lk094CaXRSqE34SBW2dRaQTPa6fASXqehczWH9QdsU62mBsiAgAdp6tCG4i+YzPmmhjD8FdXNnYGNmwuMg==",
      "cpu": [
        "x64"
      ],
      "optional": true,
      "os": [
        "win32"
      ],
      "engines": {
        "node": ">=16"
      }
    },
    "node_modules/yaml": {
      "version": "2.9.0",
      "resolved": "https://registry.npmjs.org/yaml/-/yaml-2.9.0.tgz",
      "integrity": "sha512-2AvhNX3mb8zd6Zy7INTtSpl1F15HW6Wnqj0srWlkKLcpYl/gMIMJiyuGq2KeI2YFxUPjdlB+3Lc10seMLtL4cA==",
      "bin": {
        "yaml": "bin.mjs"
      },
      "engines": {
        "node": ">= 14.6"
      },
      "funding": {
        "url": "https://github.com/sponsors/eemeli"
      }
    }
  }
}
